
Microsoft Visual Studio Solution File, Format Version 12.00
# Visual Studio Version 16
VisualStudioVersion = 16.0.30204.135
MinimumVisualStudioVersion = 10.0.40219.1
Project("{FAE04EC0-301F-11D3-BF4B-00C04F79EFBC}") = "CAI_EjercicioPOO", "CAI_EjercicioPOO\CAI_EjercicioPOO.csproj", "{E5118FB8-9CEB-4AD1-8BA6-FBC947E66126}"
EndProject
Global
	GlobalSection(SolutionConfigurationPlatforms) = preSolution
		Debug|Any CPU = Debug|Any CPU
		Release|Any CPU = Release|Any CPU
	EndGlobalSection
	GlobalSection(ProjectConfigurationPlatforms) = postSolution
		{E5118FB8-9CEB-4AD1-8BA6-FBC947E66126}.Debug|Any CPU.ActiveCfg = Debug|Any CPU
		{E5118FB8-9CEB-4AD1-8BA6-FBC947E66126}.Debug|Any CPU.Build.0 = Debug|Any CPU
		{E5118FB8-9CEB-4AD1-8BA6-FBC947E66126}.Release|Any CPU.ActiveCfg = Release|Any CPU
		{E5118FB8-9CEB-4AD1-8BA6-FBC947E66126}.Release|Any CPU.Build.0 = Release|Any CPU
	EndGlobalSection
	GlobalSection(SolutionProperties) = preSolution
		HideSolutionNode = FALSE
	EndGlobalSection
	GlobalSection(ExtensibilityGlobals) = postSolution
		SolutionGuid = {122A77EC-5CDA-4FE0-86BF-452A14D7159F}
	EndGlobalSection
EndGlobal
